{
    "_readme": [
        "This file locks the dependencies of your project to a known state",
        "Read more about it at https://getcomposer.org/doc/01-basic-usage.md#composer-lock-the-lock-file",
        "This file is @generated automatically"
    ],
    "content-hash": "952a0adc09c02c811a70c582fbfe2622",
    "packages": [
        {
            "name": "ospinto/dbug",
            "version": "dev-master",
            "source": {
                "type": "git",
                "url": "https://github.com/ospinto/dbug.git",
                "reference": "4a1bb162c021c2cb0103075e25a94926fc0e0eda"
            },
            "dist": {
                "type": "zip",
                "url": "https://api.github.com/repos/ospinto/dbug/zipball/4a1bb162c021c2cb0103075e25a94926fc0e0eda",
                "reference": "4a1bb162c021c2cb0103075e25a94926fc0e0eda",
                "shasum": ""
            },
            "type": "library",
            "autoload": {
                "files": [
                    "dBug.php"
                ]
            },
            "notification-url": "https://packagist.org/downloads/",
            "license": [
                "GPL-3.0"
            ],
            "authors": [
                {
                    "name": "Kwaku Otchere",
                    "email": "ospinto@hotmail.com",
                    "homepage": "http://dbug.ospinto.com/",
                    "role": "Former author"
                }
            ],
            "description": "PHP version of ColdFusion's cfdump. Outputs colored and structured tabular variable information.",
            "time": "2014-01-20 19:21:40"
        }
    ],
    "packages-dev": [],
    "aliases": [],
    "minimum-stability": "stable",
    "stability-flags": {
        "ospinto/dbug": 20
    },
    "prefer-stable": false,
    "prefer-lowest": false,
    "platform": [],
    "platform-dev": []
}
